{
  "name": "immichCompactor",
  "lockfileVersion": 3,
  "requires": true,
  "packages": {
    "": {
      "dependencies": {
        "opencode-ai": "^1.18.33"
      }
    },
    "node_modules/opencode-ai": {
      "version": "1.18.33",
      "resolved": "https://registry.npmjs.org/opencode-ai/-/opencode-ai-1.18.33.tgz",
      "integrity": "sha512-58P1ffLRXiAY4QeoABqUjqf6DEzm1ihpovvn9Ad+oOLbLiwK/rf88wruT9IATJ7AtNjmi8iA7pC8tN4o5y799Q==",
      "cpu": [
        "arm64",
        "x64"
      ],
      "hasInstallScript": true,
      "license": "MIT",
      "os": [
        "darwin",
        "linux",
        "win32"
      ],
      "bin": {
        "opencode": "bin/opencode.exe"
      },
      "optionalDependencies": {
        "opencode-darwin-arm64": "1.18.33",
        "opencode-darwin-x64": "1.18.33",
        "opencode-darwin-x64-baseline": "1.18.33",
        "opencode-linux-arm64": "1.18.33",
        "opencode-linux-arm64-musl": "1.18.33",
        "opencode-linux-x64": "1.18.33",
        "opencode-linux-x64-baseline": "1.18.33",
        "opencode-linux-x64-baseline-musl": "1.18.33",
        "opencode-linux-x64-musl": "1.18.33",
        "opencode-windows-arm64": "1.18.33",
        "opencode-windows-x64": "1.18.33",
        "opencode-windows-x64-baseline": "1.18.33"
      }
    },
    "node_modules/opencode-darwin-arm64": {
      "version": "1.18.33",
      "resolved": "https://registry.npmjs.org/opencode-darwin-arm64/-/opencode-darwin-arm64-1.18.33.tgz",
      "integrity": "sha512-rZm4Phz7eu/kVz2lynergU/LzKS/L0ofErB2fRXfaoAH528b3EnVcISZ/13dwk78FPxVhop7hWXshowT88C8Yw==",
      "cpu": [
        "arm64"
      ],
      "optional": true,
      "os": [
        "darwin"
      ]
    },
    "node_modules/opencode-darwin-x64": {
      "version": "1.18.33",
      "resolved": "https://registry.npmjs.org/opencode-darwin-x64/-/opencode-darwin-x64-1.18.33.tgz",
      "integrity": "sha512-2y+0nvT9SEJu4MFJbymDR0YPoJNILEZrvguG4/dvkJm1EAKE9dzwfXk9iBsiq7BI2V3dnXqcg95e5Si/MNflxw==",
      "cpu": [
        "x64"
      ],
      "optional": true,
      "os": [
        "darwin"
      ]
    },
    "node_modules/opencode-darwin-x64-baseline": {
      "version": "1.18.33",
      "resolved": "https://registry.npmjs.org/opencode-darwin-x64-baseline/-/opencode-darwin-x64-baseline-1.18.33.tgz",
      "integrity": "sha512-WSDWMcsz//P4fk43KqMObQ9KP62z7QP8dn4AuC1BFxmpD/krMw6NJXvXwbXHRwTAlejpK08vKwK3B9m9Ygn9BQ==",
      "cpu": [
        "x64"
      ],
      "optional": true,
      "os": [
        "darwin"
      ]
    },
    "node_modules/opencode-linux-arm64": {
      "version": "1.18.33",
      "resolved": "https://registry.npmjs.org/opencode-linux-arm64/-/opencode-linux-arm64-1.18.33.tgz",
      "integrity": "sha512-8aKOjIz6Cw3POGpvLvaByyMmfV2OCWgDdOBB9h7nqYV6rCGOzOsdQkT0OhjbAa5/JKGp28RSBEhDeMhINajs1g==",
      "cpu": [
        "arm64"
      ],
      "optional": true,
      "os": [
        "linux"
      ]
    },
    "node_modules/opencode-linux-arm64-musl": {
      "version": "1.18.33",
      "resolved": "https://registry.npmjs.org/opencode-linux-arm64-musl/-/opencode-linux-arm64-musl-1.18.33.tgz",
      "integrity": "sha512-fWMAQdQk2M/34FWbiJytTyxMq/yg6HvktiZtRo3uu+mceHcVlQW+FeUXFeV6KuoG++od9VcyglHvciAP1+XbCA==",
      "cpu": [
        "arm64"
      ],
      "libc": [
        "musl"
      ],
      "optional": true,
      "os": [
        "linux"
      ]
    },
    "node_modules/opencode-linux-x64": {
      "version": "1.18.33",
      "resolved": "https://registry.npmjs.org/opencode-linux-x64/-/opencode-linux-x64-1.18.33.tgz",
      "integrity": "sha512-q/t/3p2CTxOT9y2kvjesb/LZab2+1eqlhhWA02Be6mjTtmYtNBcBsrI5yDo4Fw7ZSPBW2oyMIGMNRqiKQjiAWw==",
      "cpu": [
        "x64"
      ],
      "optional": true,
      "os": [
        "linux"
      ]
    },
    "node_modules/opencode-linux-x64-baseline": {
      "version": "1.18.33",
      "resolved": "https://registry.npmjs.org/opencode-linux-x64-baseline/-/opencode-linux-x64-baseline-1.18.33.tgz",
      "integrity": "sha512-1KQGBiiDDeL/VHHbHkOvvFo8Jr97WT5+C1tear+p7IcDTnXgVHXqIjU4O4jM4mHQzykTP2i884FCnW5LDa+zCA==",
      "cpu": [
        "x64"
      ],
      "optional": true,
      "os": [
        "linux"
      ]
    },
    "node_modules/opencode-linux-x64-baseline-musl": {
      "version": "1.18.33",
      "resolved": "https://registry.npmjs.org/opencode-linux-x64-baseline-musl/-/opencode-linux-x64-baseline-musl-1.18.33.tgz",
      "integrity": "sha512-G/PAs06QCX3e7D/47I13bxzgTuH5mDqGVL7PSR/148DshvrZpLgzn3lBD5XoZoCf00yGA9N7J/RCPIAhaO/QoA==",
      "cpu": [
        "x64"
      ],
      "libc": [
        "musl"
      ],
      "optional": true,
      "os": [
        "linux"
      ]
    },
    "node_modules/opencode-linux-x64-musl": {
      "version": "1.18.33",
      "resolved": "https://registry.npmjs.org/opencode-linux-x64-musl/-/opencode-linux-x64-musl-1.18.33.tgz",
      "integrity": "sha512-5HEFrYzg1N9hEYc/II7LlgGvHrsnMyVMk9U4ZW/hCKzZdrVFRAdEZ5pNV2Ud49xvOnwb2Zjp/ayLa1alxp+l4A==",
      "cpu": [
        "x64"
      ],
      "libc": [
        "musl"
      ],
      "optional": true,
      "os": [
        "linux"
      ]
    },
    "node_modules/opencode-windows-arm64": {
      "version": "1.18.33",
      "resolved": "https://registry.npmjs.org/opencode-windows-arm64/-/opencode-windows-arm64-1.18.33.tgz",
      "integrity": "sha512-ZuUMjYBlY8mGuQvCRYTKOluqsh47+XmOZw62e3+Gn2XdSBe+fysxQaZqdhzYHq0kOFm30kEkp8alN7X5rLticg==",
      "cpu": [
        "arm64"
      ],
      "optional": true,
      "os": [
        "win32"
      ]
    },
    "node_modules/opencode-windows-x64": {
      "version": "1.18.33",
      "resolved": "https://registry.npmjs.org/opencode-windows-x64/-/opencode-windows-x64-1.18.33.tgz",
      "integrity": "sha512-jNrfHad+xUpGNL7doZkjfDGvNYuff1IzPT7VqqjzUUeH4ZOIDpzpC1VRsiauSczhrhfj0X59lb72U7DbUGl/dg==",
      "cpu": [
        "x64"
      ],
      "optional": true,
      "os": [
        "win32"
      ]
    },
    "node_modules/opencode-windows-x64-baseline": {
      "version": "1.18.33",
      "resolved": "https://registry.npmjs.org/opencode-windows-x64-baseline/-/opencode-windows-x64-baseline-1.18.33.tgz",
      "integrity": "sha512-ydc5xt5frz+vEF9iUpBHjRUgYm/j7NT18TnHjihWBixOnPwaVZ+0dp8VMfAWMZGIcSgCaYZ8Qn2cQtKV2jcV/g==",
      "cpu": [
        "x64"
      ],
      "optional": true,
      "os": [
        "win32"
      ]
    }
  }
}
